// !$*UTF8*$!
{
	archiveVersion = 1;
	classes = {
	};
	objectVersion = 46;
	objects = {

/* Begin PBXBuildFile section */
		59479BB71C15D89200949CF0 /* Main.storyboard in Resources */ = {isa = PBXBuildFile; fileRef = 59479BB61C15D89200949CF0 /* Main.storyboard */; };
		5977E7931C12F76F00B1844A /* DetailViewController.swift in Sources */ = {isa = PBXBuildFile; fileRef = 5977E7921C12F76F00B1844A /* DetailViewController.swift */; };
		5977E7C71C15CA8100B1844A /* AGTSimplePDFViewController.swift in Sources */ = {isa = PBXBuildFile; fileRef = 5977E7C61C15CA8100B1844A /* AGTSimplePDFViewController.swift */; };
		598162771C12055A0078385E /* MasterViewController.swift in Sources */ = {isa = PBXBuildFile; fileRef = 598162761C12055A0078385E /* MasterViewController.swift */; };
		59F33C731C08FC37004523FB /* AGTLibrary.swift in Sources */ = {isa = PBXBuildFile; fileRef = 59F33C721C08FC37004523FB /* AGTLibrary.swift */; };
		59F33C761C0905BC004523FB /* Functions.swift in Sources */ = {isa = PBXBuildFile; fileRef = 59F33C751C0905BC004523FB /* Functions.swift */; };
		59FB2D5F1C021B7500908E73 /* AppDelegate.swift in Sources */ = {isa = PBXBuildFile; fileRef = 59FB2D5E1C021B7500908E73 /* AppDelegate.swift */; };
		59FB2D661C021B7500908E73 /* Assets.xcassets in Resources */ = {isa = PBXBuildFile; fileRef = 59FB2D651C021B7500908E73 /* Assets.xcassets */; };
		59FB2D691C021B7500908E73 /* LaunchScreen.storyboard in Resources */ = {isa = PBXBuildFile; fileRef = 59FB2D671C021B7500908E73 /* LaunchScreen.storyboard */; };
		59FB2D741C021B7500908E73 /* HackerBooksTests.swift in Sources */ = {isa = PBXBuildFile; fileRef = 59FB2D731C021B7500908E73 /* HackerBooksTests.swift */; };
		59FB2D841C021C9A00908E73 /* AGTBook.swift in Sources */ = {isa = PBXBuildFile; fileRef = 59FB2D831C021C9A00908E73 /* AGTBook.swift */; };
		59FB2D861C021F5900908E73 /* JSONProcessing.swift in Sources */ = {isa = PBXBuildFile; fileRef = 59FB2D851C021F5900908E73 /* JSONProcessing.swift */; };
/* End PBXBuildFile section */

/* Begin PBXContainerItemProxy section */
		59FB2D701C021B7500908E73 /* PBXContainerItemProxy */ = {
			isa = PBXContainerItemProxy;
			containerPortal = 59FB2D531C021B7500908E73 /* Project object */;
			proxyType = 1;
			remoteGlobalIDString = 59FB2D5A1C021B7500908E73;
			remoteInfo = HackerBooks;
		};
/* End PBXContainerItemProxy section */

/* Begin PBXFileReference section */
		59479BB61C15D89200949CF0 /* Main.storyboard */ = {isa = PBXFileReference; fileEncoding = 4; lastKnownFileType = file.storyboard; path = Main.storyboard; sourceTree = "<group>"; };
		5977E7921C12F76F00B1844A /* DetailViewController.swift */ = {isa = PBXFileReference; fileEncoding = 4; lastKnownFileType = sourcecode.swift; path = DetailViewController.swift; sourceTree = "<group>"; };
		5977E7C61C15CA8100B1844A /* AGTSimplePDFViewController.swift */ = {isa = PBXFileReference; fileEncoding = 4; lastKnownFileType = sourcecode.swift; path = AGTSimplePDFViewController.swift; sourceTree = "<group>"; };
		598162761C12055A0078385E /* MasterViewController.swift */ = {isa = PBXFileReference; fileEncoding = 4; lastKnownFileType = sourcecode.swift; path = MasterViewController.swift; sourceTree = "<group>"; };
		59F33C721C08FC37004523FB /* AGTLibrary.swift */ = {isa = PBXFileReference; fileEncoding = 4; lastKnownFileType = sourcecode.swift; path = AGTLibrary.swift; sourceTree = "<group>"; };
		59F33C751C0905BC004523FB /* Functions.swift */ = {isa = PBXFileReference; fileEncoding = 4; lastKnownFileType = sourcecode.swift; path = Functions.swift; sourceTree = "<group>"; };
		59FB2D5B1C021B7500908E73 /* HackerBooks.app */ = {isa = PBXFileReference; explicitFileType = wrapper.application; includeInIndex = 0; path = HackerBooks.app; sourceTree = BUILT_PRODUCTS_DIR; };
		59FB2D5E1C021B7500908E73 /* AppDelegate.swift */ = {isa = PBXFileReference; lastKnownFileType = sourcecode.swift; path = AppDelegate.swift; sourceTree = "<group>"; };
		59FB2D651C021B7500908E73 /* Assets.xcassets */ = {isa = PBXFileReference; lastKnownFileType = folder.assetcatalog; path = Assets.xcassets; sourceTree = "<group>"; };
		59FB2D681C021B7500908E73 /* Base */ = {isa = PBXFileReference; lastKnownFileType = file.storyboard; name = Base; path = Base.lproj/LaunchScreen.storyboard; sourceTree = "<group>"; };
		59FB2D6A1C021B7500908E73 /* Info.plist */ = {isa = PBXFileReference; lastKnownFileType = text.plist.xml; path = Info.plist; sourceTree = "<group>"; };
		59FB2D6F1C021B7500908E73 /* HackerBooksTests.xctest */ = {isa = PBXFileReference; explicitFileType = wrapper.cfbundle; includeInIndex = 0; path = HackerBooksTests.xctest; sourceTree = BUILT_PRODUCTS_DIR; };
		59FB2D731C021B7500908E73 /* HackerBooksTests.swift */ = {isa = PBXFileReference; lastKnownFileType = sourcecode.swift; path = HackerBooksTests.swift; sourceTree = "<group>"; };
		59FB2D751C021B7500908E73 /* Info.plist */ = {isa = PBXFileReference; lastKnownFileType = text.plist.xml; path = Info.plist; sourceTree = "<group>"; };
		59FB2D831C021C9A00908E73 /* AGTBook.swift */ = {isa = PBXFileReference; fileEncoding = 4; lastKnownFileType = sourcecode.swift; path = AGTBook.swift; sourceTree = "<group>"; };
		59FB2D851C021F5900908E73 /* JSONProcessing.swift */ = {isa = PBXFileReference; fileEncoding = 4; lastKnownFileType = sourcecode.swift; path = JSONProcessing.swift; sourceTree = "<group>"; };
/* End PBXFileReference section */

/* Begin PBXFrameworksBuildPhase section */
		59FB2D581C021B7500908E73 /* Frameworks */ = {
			isa = PBXFrameworksBuildPhase;
			buildActionMask = 2147483647;
			files = (
			);
			runOnlyForDeploymentPostprocessing = 0;
		};
		59FB2D6C1C021B7500908E73 /* Frameworks */ = {
			isa = PBXFrameworksBuildPhase;
			buildActionMask = 2147483647;
			files = (
			);
			runOnlyForDeploymentPostprocessing = 0;
		};
/* End PBXFrameworksBuildPhase section */

/* Begin PBXGroup section */
		59479BB81C15DD1700949CF0 /* Views */ = {
			isa = PBXGroup;
			children = (
				59479BB61C15D89200949CF0 /* Main.storyboard */,
			);
			name = Views;
			sourceTree = "<group>";
		};
		599973AF1C0E436600AE0E97 /* Controllers */ = {
			isa = PBXGroup;
			children = (
				598162761C12055A0078385E /* MasterViewController.swift */,
				5977E7921C12F76F00B1844A /* DetailViewController.swift */,
				5977E7C61C15CA8100B1844A /* AGTSimplePDFViewController.swift */,
			);
			name = Controllers;
			sourceTree = "<group>";
		};
		59F33C741C0905A5004523FB /* Functions */ = {
			isa = PBXGroup;
			children = (
				59F33C751C0905BC004523FB /* Functions.swift */,
			);
			name = Functions;
			sourceTree = "<group>";
		};
		59FB2D521C021B7500908E73 = {
			isa = PBXGroup;
			children = (
				59FB2D5D1C021B7500908E73 /* HackerBooks */,
				59FB2D721C021B7500908E73 /* HackerBooksTests */,
				59FB2D5C1C021B7500908E73 /* Products */,
			);
			sourceTree = "<group>";
		};
		59FB2D5C1C021B7500908E73 /* Products */ = {
			isa = PBXGroup;
			children = (
				59FB2D5B1C021B7500908E73 /* HackerBooks.app */,
				59FB2D6F1C021B7500908E73 /* HackerBooksTests.xctest */,
			);
			name = Products;
			sourceTree = "<group>";
		};
		59FB2D5D1C021B7500908E73 /* HackerBooks */ = {
			isa = PBXGroup;
			children = (
				59FB2D7F1C021BD300908E73 /* App */,
			);
			path = HackerBooks;
			sourceTree = "<group>";
		};
		59FB2D721C021B7500908E73 /* HackerBooksTests */ = {
			isa = PBXGroup;
			children = (
				59FB2D731C021B7500908E73 /* HackerBooksTests.swift */,
				59FB2D751C021B7500908E73 /* Info.plist */,
			);
			path = HackerBooksTests;
			sourceTree = "<group>";
		};
		59FB2D7F1C021BD300908E73 /* App */ = {
			isa = PBXGroup;
			children = (
				599973AF1C0E436600AE0E97 /* Controllers */,
				59F33C741C0905A5004523FB /* Functions */,
				59FB2D801C021BEF00908E73 /* Models */,
				59FB2D5E1C021B7500908E73 /* AppDelegate.swift */,
				59FB2D651C021B7500908E73 /* Assets.xcassets */,
				59479BB81C15DD1700949CF0 /* Views */,
				59FB2D671C021B7500908E73 /* LaunchScreen.storyboard */,
				59FB2D6A1C021B7500908E73 /* Info.plist */,
			);
			name = App;
			sourceTree = "<group>";
		};
		59FB2D801C021BEF00908E73 /* Models */ = {
			isa = PBXGroup;
			children = (
				59FB2D831C021C9A00908E73 /* AGTBook.swift */,
				59FB2D851C021F5900908E73 /* JSONProcessing.swift */,
				59F33C721C08FC37004523FB /* AGTLibrary.swift */,
			);
			name = Models;
			sourceTree = "<group>";
		};
/* End PBXGroup section */

/* Begin PBXNativeTarget section */
		59FB2D5A1C021B7500908E73 /* HackerBooks */ = {
			isa = PBXNativeTarget;
			buildConfigurationList = 59FB2D781C021B7500908E73 /* Build configuration list for PBXNativeTarget "HackerBooks" */;
			buildPhases = (
				59FB2D571C021B7500908E73 /* Sources */,
				59FB2D581C021B7500908E73 /* Frameworks */,
				59FB2D591C021B7500908E73 /* Resources */,
			);
			buildRules = (
			);
			dependencies = (
			);
			name = HackerBooks;
			productName = HackerBooks;
			productReference = 59FB2D5B1C021B7500908E73 /* HackerBooks.app */;
			productType = "com.apple.product-type.application";
		};
		59FB2D6E1C021B7500908E73 /* HackerBooksTests */ = {
			isa = PBXNativeTarget;
			buildConfigurationList = 59FB2D7B1C021B7500908E73 /* Build configuration list for PBXNativeTarget "HackerBooksTests" */;
			buildPhases = (
				59FB2D6B1C021B7500908E73 /* Sources */,
				59FB2D6C1C021B7500908E73 /* Frameworks */,
				59FB2D6D1C021B7500908E73 /* Resources */,
			);
			buildRules = (
			);
			dependencies = (
				59FB2D711C021B7500908E73 /* PBXTargetDependency */,
			);
			name = HackerBooksTests;
			productName = HackerBooksTests;
			productReference = 59FB2D6F1C021B7500908E73 /* HackerBooksTests.xctest */;
			productType = "com.apple.product-type.bundle.unit-test";
		};
/* End PBXNativeTarget section */

/* Begin PBXProject section */
		59FB2D531C021B7500908E73 /* Project object */ = {
			isa = PBXProject;
			attributes = {
				LastSwiftUpdateCheck = 0710;
				LastUpgradeCheck = 0710;
				TargetAttributes = {
					59FB2D5A1C021B7500908E73 = {
						CreatedOnToolsVersion = 7.1.1;
					};
					59FB2D6E1C021B7500908E73 = {
						CreatedOnToolsVersion = 7.1.1;
						TestTargetID = 59FB2D5A1C021B7500908E73;
					};
				};
			};
			buildConfigurationList = 59FB2D561C021B7500908E73 /* Build configuration list for PBXProject "HackerBooks" */;
			compatibilityVersion = "Xcode 3.2";
			developmentRegion = English;
			hasScannedForEncodings = 0;
			knownRegions = (
				en,
				Base,
			);
			mainGroup = 59FB2D521C021B7500908E73;
			productRefGroup = 59FB2D5C1C021B7500908E73 /* Products */;
			projectDirPath = "";
			projectRoot = "";
			targets = (
				59FB2D5A1C021B7500908E73 /* HackerBooks */,
				59FB2D6E1C021B7500908E73 /* HackerBooksTests */,
			);
		};
/* End PBXProject section */

/* Begin PBXResourcesBuildPhase section */
		59FB2D591C021B7500908E73 /* Resources */ = {
			isa = PBXResourcesBuildPhase;
			buildActionMask = 2147483647;
			files = (
				59479BB71C15D89200949CF0 /* Main.storyboard in Resources */,
				59FB2D691C021B7500908E73 /* LaunchScreen.storyboard in Resources */,
				59FB2D661C021B7500908E73 /* Assets.xcassets in Resources */,
			);
			runOnlyForDeploymentPostprocessing = 0;
		};
		59FB2D6D1C021B7500908E73 /* Resources */ = {
			isa = PBXResourcesBuildPhase;
			buildActionMask = 2147483647;
			files = (
			);
			runOnlyForDeploymentPostprocessing = 0;
		};
/* End PBXResourcesBuildPhase section */

/* Begin PBXSourcesBuildPhase section */
		59FB2D571C021B7500908E73 /* Sources */ = {
			isa = PBXSourcesBuildPhase;
			buildActionMask = 2147483647;
			files = (
				59FB2D5F1C021B7500908E73 /* AppDelegate.swift in Sources */,
				5977E7C71C15CA8100B1844A /* AGTSimplePDFViewController.swift in Sources */,
				59FB2D861C021F5900908E73 /* JSONProcessing.swift in Sources */,
				59F33C731C08FC37004523FB /* AGTLibrary.swift in Sources */,
				59FB2D841C021C9A00908E73 /* AGTBook.swift in Sources */,
				598162771C12055A0078385E /* MasterViewController.swift in Sources */,
				59F33C761C0905BC004523FB /* Functions.swift in Sources */,
				5977E7931C12F76F00B1844A /* DetailViewController.swift in Sources */,
			);
			runOnlyForDeploymentPostprocessing = 0;
		};
		59FB2D6B1C021B7500908E73 /* Sources */ = {
			isa = PBXSourcesBuildPhase;
			buildActionMask = 2147483647;
			files = (
				59FB2D741C021B7500908E73 /* HackerBooksTests.swift in Sources */,
			);
			runOnlyForDeploymentPostprocessing = 0;
		};
/* End PBXSourcesBuildPhase section */

/* Begin PBXTargetDependency section */
		59FB2D711C021B7500908E73 /* PBXTargetDependency */ = {
			isa = PBXTargetDependency;
			target = 59FB2D5A1C021B7500908E73 /* HackerBooks */;
			targetProxy = 59FB2D701C021B7500908E73 /* PBXContainerItemProxy */;
		};
/* End PBXTargetDependency section */

/* Begin PBXVariantGroup section */
		59FB2D671C021B7500908E73 /* LaunchScreen.storyboard */ = {
			isa = PBXVariantGroup;
			children = (
				59FB2D681C021B7500908E73 /* Base */,
			);
			name = LaunchScreen.storyboard;
			sourceTree = "<group>";
		};
/* End PBXVariantGroup section */

/* Begin XCBuildConfiguration section */
		59FB2D761C021B7500908E73 /* Debug */ = {
			isa = XCBuildConfiguration;
			buildSettings = {
				ALWAYS_SEARCH_USER_PATHS = NO;
				CLANG_CXX_LANGUAGE_STANDARD = "gnu++0x";
				CLANG_CXX_LIBRARY = "libc++";
				CLANG_ENABLE_MODULES = YES;
				CLANG_ENABLE_OBJC_ARC = YES;
				CLANG_WARN_BOOL_CONVERSION = YES;
				CLANG_WARN_CONSTANT_CONVERSION = YES;
				CLANG_WARN_DIRECT_OBJC_ISA_USAGE = YES_ERROR;
				CLANG_WARN_EMPTY_BODY = YES;
				CLANG_WARN_ENUM_CONVERSION = YES;
				CLANG_WARN_INT_CONVERSION = YES;
				CLANG_WARN_OBJC_ROOT_CLASS = YES_ERROR;
				CLANG_WARN_UNREACHABLE_CODE = YES;
				CLANG_WARN__DUPLICATE_METHOD_MATCH = YES;
				"CODE_SIGN_IDENTITY[sdk=iphoneos*]" = "iPhone Developer";
				COPY_PHASE_STRIP = NO;
				DEBUG_INFORMATION_FORMAT = dwarf;
				ENABLE_STRICT_OBJC_MSGSEND = YES;
				ENABLE_TESTABILITY = YES;
				GCC_C_LANGUAGE_STANDARD = gnu99;
				GCC_DYNAMIC_NO_PIC = NO;
				GCC_NO_COMMON_BLOCKS = YES;
				GCC_OPTIMIZATION_LEVEL = 0;
				GCC_PREPROCESSOR_DEFINITIONS = (
					"DEBUG=1",
					"$(inherited)",
				);
				GCC_WARN_64_TO_32_BIT_CONVERSION = YES;
				GCC_WARN_ABOUT_RETURN_TYPE = YES_ERROR;
				GCC_WARN_UNDECLARED_SELECTOR = YES;
				GCC_WARN_UNINITIALIZED_AUTOS = YES_AGGRESSIVE;
				GCC_WARN_UNUSED_FUNCTION = YES;
				GCC_WARN_UNUSED_VARIABLE = YES;
				IPHONEOS_DEPLOYMENT_TARGET = 9.1;
				MTL_ENABLE_DEBUG_INFO = YES;
				ONLY_ACTIVE_ARCH = YES;
				SDKROOT = iphoneos;
				SWIFT_OPTIMIZATION_LEVEL = "-Onone";
				TARGETED_DEVICE_FAMILY = "1,2";
			};
			name = Debug;
		};
		59FB2D771C021B7500908E73 /* Release */ = {
			isa = XCBuildConfiguration;
			buildSettings = {
				ALWAYS_SEARCH_USER_PATHS = NO;
				CLANG_CXX_LANGUAGE_STANDARD = "gnu++0x";
				CLANG_CXX_LIBRARY = "libc++";
				CLANG_ENABLE_MODULES = YES;
				CLANG_ENABLE_OBJC_ARC = YES;
				CLANG_WARN_BOOL_CONVERSION = YES;
				CLANG_WARN_CONSTANT_CONVERSION = YES;
				CLANG_WARN_DIRECT_OBJC_ISA_USAGE = YES_ERROR;
				CLANG_WARN_EMPTY_BODY = YES;
				CLANG_WARN_ENUM_CONVERSION = YES;
				CLANG_WARN_INT_CONVERSION = YES;
				CLANG_WARN_OBJC_ROOT_CLASS = YES_ERROR;
				CLANG_WARN_UNREACHABLE_CODE = YES;
				CLANG_WARN__DUPLICATE_METHOD_MATCH = YES;
				"CODE_SIGN_IDENTITY[sdk=iphoneos*]" = "iPhone Developer";
				COPY_PHASE_STRIP = NO;
				DEBUG_INFORMATION_FORMAT = "dwarf-with-dsym";
				ENABLE_NS_ASSERTIONS = NO;
				ENABLE_STRICT_OBJC_MSGSEND = YES;
				GCC_C_LANGUAGE_STANDARD = gnu99;
				GCC_NO_COMMON_BLOCKS = YES;
				GCC_WARN_64_TO_32_BIT_CONVERSION = YES;
				GCC_WARN_ABOUT_RETURN_TYPE = YES_ERROR;
				GCC_WARN_UNDECLARED_SELECTOR = YES;
				GCC_WARN_UNINITIALIZED_AUTOS = YES_AGGRESSIVE;
				GCC_WARN_UNUSED_FUNCTION = YES;
				GCC_WARN_UNUSED_VARIABLE = YES;
				IPHONEOS_DEPLOYMENT_TARGET = 9.1;
				MTL_ENABLE_DEBUG_INFO = NO;
				SDKROOT = iphoneos;
				TARGETED_DEVICE_FAMILY = "1,2";
				VALIDATE_PRODUCT = YES;
			};
			name = Release;
		};
		59FB2D791C021B7500908E73 /* Debug */ = {
			isa = XCBuildConfiguration;
			buildSettings = {
				ASSETCATALOG_COMPILER_APPICON_NAME = AppIcon;
				INFOPLIST_FILE = HackerBooks/Info.plist;
				LD_RUNPATH_SEARCH_PATHS = "$(inherited) @executable_path/Frameworks";
				PRODUCT_BUNDLE_IDENTIFIER = com.fjhonrubia.HackerBooks;
				PRODUCT_NAME = "$(TARGET_NAME)";
			};
			name = Debug;
		};
		59FB2D7A1C021B7500908E73 /* Release */ = {
			isa = XCBuildConfiguration;
			buildSettings = {
				ASSETCATALOG_COMPILER_APPICON_NAME = AppIcon;
				INFOPLIST_FILE = HackerBooks/Info.plist;
				LD_RUNPATH_SEARCH_PATHS = "$(inherited) @executable_path/Frameworks";
				PRODUCT_BUNDLE_IDENTIFIER = com.fjhonrubia.HackerBooks;
				PRODUCT_NAME = "$(TARGET_NAME)";
			};
			name = Release;
		};
		59FB2D7C1C021B7500908E73 /* Debug */ = {
			isa = XCBuildConfiguration;
			buildSettings = {
				BUNDLE_LOADER = "$(TEST_HOST)";
				INFOPLIST_FILE = HackerBooksTests/Info.plist;
				LD_RUNPATH_SEARCH_PATHS = "$(inherited) @executable_path/Frameworks @loader_path/Frameworks";
				PRODUCT_BUNDLE_IDENTIFIER = com.fjhonrubia.HackerBooksTests;
				PRODUCT_NAME = "$(TARGET_NAME)";
				TEST_HOST = "$(BUILT_PRODUCTS_DIR)/HackerBooks.app/HackerBooks";
			};
			name = Debug;
		};
		59FB2D7D1C021B7500908E73 /* Release */ = {
			isa = XCBuildConfiguration;
			buildSettings = {
				BUNDLE_LOADER = "$(TEST_HOST)";
				INFOPLIST_FILE = HackerBooksTests/Info.plist;
				LD_RUNPATH_SEARCH_PATHS = "$(inherited) @executable_path/Frameworks @loader_path/Frameworks";
				PRODUCT_BUNDLE_IDENTIFIER = com.fjhonrubia.HackerBooksTests;
				PRODUCT_NAME = "$(TARGET_NAME)";
				TEST_HOST = "$(BUILT_PRODUCTS_DIR)/HackerBooks.app/HackerBooks";
			};
			name = Release;
		};
/* End XCBuildConfiguration section */

/* Begin XCConfigurationList section */
		59FB2D561C021B7500908E73 /* Build configuration list for PBXProject "HackerBooks" */ = {
			isa = XCConfigurationList;
			buildConfigurations = (
				59FB2D761C021B7500908E73 /* Debug */,
				59FB2D771C021B7500908E73 /* Release */,
			);
			defaultConfigurationIsVisible = 0;
			defaultConfigurationName = Release;
		};
		59FB2D781C021B7500908E73 /* Build configuration list for PBXNativeTarget "HackerBooks" */ = {
			isa = XCConfigurationList;
			buildConfigurations = (
				59FB2D791C021B7500908E73 /* Debug */,
				59FB2D7A1C021B7500908E73 /* Release */,
			);
			defaultConfigurationIsVisible = 0;
			defaultConfigurationName = Release;
		};
		59FB2D7B1C021B7500908E73 /* Build configuration list for PBXNativeTarget "HackerBooksTests" */ = {
			isa = XCConfigurationList;
			buildConfigurations = (
				59FB2D7C1C021B7500908E73 /* Debug */,
				59FB2D7D1C021B7500908E73 /* Release */,
			);
			defaultConfigurationIsVisible = 0;
			defaultConfigurationName = Release;
		};
/* End XCConfigurationList section */
	};
	rootObject = 59FB2D531C021B7500908E73 /* Project object */;
}
